
Microsoft Visual Studio Solution File, Format Version 12.00
# Visual Studio 15
VisualStudioVersion = 15.0.26730.8
MinimumVisualStudioVersion = 10.0.40219.1
Project("{FAE04EC0-301F-11D3-BF4B-00C04F79EFBC}") = "MVCApplication", "MVCApplication\MVCApplication.csproj", "{78C01A98-AE5E-4D59-9D08-6A9F7FED7196}"
EndProject
Project("{FAE04EC0-301F-11D3-BF4B-00C04F79EFBC}") = "DAL", "DAL\DAL.csproj", "{C03BCD53-AB43-41AB-80B9-199C6317CF53}"
EndProject
Project("{FAE04EC0-301F-11D3-BF4B-00C04F79EFBC}") = "DALTests", "DALTests\DALTests.csproj", "{38C2DF89-88E3-4DB0-9C6D-CB8F723F524C}"
EndProject
Project("{00D1A9C2-B5F0-4AF3-8072-F6C62B433612}") = "Northwind", "Northwind\Northwind.sqlproj", "{8EAD86AE-81E4-495B-B07A-CC3741F05459}"
EndProject
Global
	GlobalSection(SolutionConfigurationPlatforms) = preSolution
		Debug|Any CPU = Debug|Any CPU
		Release|Any CPU = Release|Any CPU
	EndGlobalSection
	GlobalSection(ProjectConfigurationPlatforms) = postSolution
		{78C01A98-AE5E-4D59-9D08-6A9F7FED7196}.Debug|Any CPU.ActiveCfg = Debug|Any CPU
		{78C01A98-AE5E-4D59-9D08-6A9F7FED7196}.Debug|Any CPU.Build.0 = Debug|Any CPU
		{78C01A98-AE5E-4D59-9D08-6A9F7FED7196}.Release|Any CPU.ActiveCfg = Release|Any CPU
		{78C01A98-AE5E-4D59-9D08-6A9F7FED7196}.Release|Any CPU.Build.0 = Release|Any CPU
		{C03BCD53-AB43-41AB-80B9-199C6317CF53}.Debug|Any CPU.ActiveCfg = Debug|Any CPU
		{C03BCD53-AB43-41AB-80B9-199C6317CF53}.Debug|Any CPU.Build.0 = Debug|Any CPU
		{C03BCD53-AB43-41AB-80B9-199C6317CF53}.Release|Any CPU.ActiveCfg = Release|Any CPU
		{C03BCD53-AB43-41AB-80B9-199C6317CF53}.Release|Any CPU.Build.0 = Release|Any CPU
		{38C2DF89-88E3-4DB0-9C6D-CB8F723F524C}.Debug|Any CPU.ActiveCfg = Debug|Any CPU
		{38C2DF89-88E3-4DB0-9C6D-CB8F723F524C}.Debug|Any CPU.Build.0 = Debug|Any CPU
		{38C2DF89-88E3-4DB0-9C6D-CB8F723F524C}.Release|Any CPU.ActiveCfg = Release|Any CPU
		{38C2DF89-88E3-4DB0-9C6D-CB8F723F524C}.Release|Any CPU.Build.0 = Release|Any CPU
		{8EAD86AE-81E4-495B-B07A-CC3741F05459}.Debug|Any CPU.ActiveCfg = Debug|Any CPU
		{8EAD86AE-81E4-495B-B07A-CC3741F05459}.Debug|Any CPU.Build.0 = Debug|Any CPU
		{8EAD86AE-81E4-495B-B07A-CC3741F05459}.Debug|Any CPU.Deploy.0 = Debug|Any CPU
		{8EAD86AE-81E4-495B-B07A-CC3741F05459}.Release|Any CPU.ActiveCfg = Release|Any CPU
		{8EAD86AE-81E4-495B-B07A-CC3741F05459}.Release|Any CPU.Build.0 = Release|Any CPU
		{8EAD86AE-81E4-495B-B07A-CC3741F05459}.Release|Any CPU.Deploy.0 = Release|Any CPU
	EndGlobalSection
	GlobalSection(SolutionProperties) = preSolution
		HideSolutionNode = FALSE
	EndGlobalSection
	GlobalSection(ExtensibilityGlobals) = postSolution
		SolutionGuid = {C9F78118-F752-41A7-B5C6-E85FDB23A7B8}
	EndGlobalSection
EndGlobal
